
Microsoft Visual Studio Solution File, Format Version 12.00
# Visual Studio Version 16
VisualStudioVersion = 16.0.31025.194
MinimumVisualStudioVersion = 10.0.40219.1
Project("{FAE04EC0-301F-11D3-BF4B-00C04F79EFBC}") = "Kansler.WebApplication", "Kansler.WebApplication\Kansler.WebApplication.csproj", "{03FE1231-23DA-4DF7-A5AF-4C485E8CA465}"
EndProject
Global
	GlobalSection(SolutionConfigurationPlatforms) = preSolution
		Debug|Any CPU = Debug|Any CPU
		Release|Any CPU = Release|Any CPU
	EndGlobalSection
	GlobalSection(ProjectConfigurationPlatforms) = postSolution
		{03FE1231-23DA-4DF7-A5AF-4C485E8CA465}.Debug|Any CPU.ActiveCfg = Debug|Any CPU
		{03FE1231-23DA-4DF7-A5AF-4C485E8CA465}.Debug|Any CPU.Build.0 = Debug|Any CPU
		{03FE1231-23DA-4DF7-A5AF-4C485E8CA465}.Release|Any CPU.ActiveCfg = Release|Any CPU
		{03FE1231-23DA-4DF7-A5AF-4C485E8CA465}.Release|Any CPU.Build.0 = Release|Any CPU
	EndGlobalSection
	GlobalSection(SolutionProperties) = preSolution
		HideSolutionNode = FALSE
	EndGlobalSection
	GlobalSection(ExtensibilityGlobals) = postSolution
		SolutionGuid = {ED1063BA-1355-4C67-85D8-D14608F58391}
	EndGlobalSection
EndGlobal
